
Microsoft Visual Studio Solution File, Format Version 12.00
# Visual Studio Version 17
VisualStudioVersion = 17.0.31919.166
MinimumVisualStudioVersion = 10.0.40219.1
Project("{FAE04EC0-301F-11D3-BF4B-00C04F79EFBC}") = "aup2exo", "aup2exo\aup2exo.csproj", "{560A3C72-ADAF-458E-A77F-0AD62619EADD}"
EndProject
Global
	GlobalSection(SolutionConfigurationPlatforms) = preSolution
		Debug|Any CPU = Debug|Any CPU
		Release|Any CPU = Release|Any CPU
	EndGlobalSection
	GlobalSection(ProjectConfigurationPlatforms) = postSolution
		{560A3C72-ADAF-458E-A77F-0AD62619EADD}.Debug|Any CPU.ActiveCfg = Debug|Any CPU
		{560A3C72-ADAF-458E-A77F-0AD62619EADD}.Debug|Any CPU.Build.0 = Debug|Any CPU
		{560A3C72-ADAF-458E-A77F-0AD62619EADD}.Release|Any CPU.ActiveCfg = Release|Any CPU
		{560A3C72-ADAF-458E-A77F-0AD62619EADD}.Release|Any CPU.Build.0 = Release|Any CPU
	EndGlobalSection
	GlobalSection(SolutionProperties) = preSolution
		HideSolutionNode = FALSE
	EndGlobalSection
	GlobalSection(ExtensibilityGlobals) = postSolution
		SolutionGuid = {6C95157F-650D-4D8A-81F5-6584DA526701}
	EndGlobalSection
EndGlobal
